
Microsoft Visual Studio Solution File, Format Version 12.00
# Visual Studio Version 16
VisualStudioVersion = 16.0.30907.101
MinimumVisualStudioVersion = 10.0.40219.1
Project("{FAE04EC0-301F-11D3-BF4B-00C04F79EFBC}") = "my-books", "my-books.csproj", "{63C26217-4FF1-48ED-B560-39C837EE45BC}"
EndProject
Global
	GlobalSection(SolutionConfigurationPlatforms) = preSolution
		Debug|Any CPU = Debug|Any CPU
		Release|Any CPU = Release|Any CPU
	EndGlobalSection
	GlobalSection(ProjectConfigurationPlatforms) = postSolution
		{63C26217-4FF1-48ED-B560-39C837EE45BC}.Debug|Any CPU.ActiveCfg = Debug|Any CPU
		{63C26217-4FF1-48ED-B560-39C837EE45BC}.Debug|Any CPU.Build.0 = Debug|Any CPU
		{63C26217-4FF1-48ED-B560-39C837EE45BC}.Release|Any CPU.ActiveCfg = Release|Any CPU
		{63C26217-4FF1-48ED-B560-39C837EE45BC}.Release|Any CPU.Build.0 = Release|Any CPU
	EndGlobalSection
	GlobalSection(SolutionProperties) = preSolution
		HideSolutionNode = FALSE
	EndGlobalSection
	GlobalSection(ExtensibilityGlobals) = postSolution
		SolutionGuid = {A7CFB671-0B03-4304-B795-F91CC2596977}
	EndGlobalSection
EndGlobal
